{
    "_readme": [
        "This file locks the dependencies of your project to a known state",
        "Read more about it at https://getcomposer.org/doc/01-basic-usage.md#composer-lock-the-lock-file",
        "This file is @generated automatically"
    ],
    "hash": "e113d88d7ff0656fa30362f715066cdf",
    "content-hash": "b8ca2ba4f579b4b5d02380f0f6865d74",
    "packages": [
        {
            "name": "alrik11es/cowsayphp",
            "version": "1.0.1",
            "source": {
                "type": "git",
                "url": "https://github.com/alrik11es/cowsayphp.git",
                "reference": "8fad8b7bdcf3df2ca9bc46e30fb2c9e6f96248fc"
            },
            "dist": {
                "type": "zip",
                "url": "https://api.github.com/repos/alrik11es/cowsayphp/zipball/8fad8b7bdcf3df2ca9bc46e30fb2c9e6f96248fc",
                "reference": "8fad8b7bdcf3df2ca9bc46e30fb2c9e6f96248fc",
                "shasum": ""
            },
            "require": {
                "php": ">=5.3.0"
            },
            "require-dev": {
                "phpunit/phpunit": "4.*",
                "scrutinizer/ocular": "~1.1"
            },
            "bin": [
                "bin/cowsayphp"
            ],
            "type": "library",
            "extra": {
                "branch-alias": {
                    "dev-master": "1.0-dev"
                }
            },
            "autoload": {
                "psr-4": {
                    "Cowsayphp\\": "src"
                }
            },
            "notification-url": "https://packagist.org/downloads/",
            "license": [
                "MIT"
            ],
            "authors": [
                {
                    "name": "Marcos Sigueros",
                    "email": "alrik11es@gmail.com",
                    "homepage": "https://github.com/alrik11es",
                    "role": "Developer"
                }
            ],
            "description": "Cowsay port in PHP",
            "homepage": "https://github.com/alrik11es/cowsayphp",
            "keywords": [
                "cowsay"
            ],
            "time": "2015-11-30 08:24:36"
        }
    ],
    "packages-dev": [],
    "aliases": [],
    "minimum-stability": "stable",
    "stability-flags": [],
    "prefer-stable": false,
    "prefer-lowest": false,
    "platform": {
        "php": ">=5.3.0"
    },
    "platform-dev": []
}
